
Microsoft Visual Studio Solution File, Format Version 12.00
# Visual Studio Version 17
VisualStudioVersion = 17.5.002.0
MinimumVisualStudioVersion = 10.0.40219.1
Project("{9A19103F-16F7-4668-BE54-9A1E7A4F7556}") = "Squeezer", "Squeezer.csproj", "{AEBB8602-7B53-4D6F-86C3-C225600673E9}"
EndProject
Global
	GlobalSection(SolutionConfigurationPlatforms) = preSolution
		Debug|Any CPU = Debug|Any CPU
		Release|Any CPU = Release|Any CPU
	EndGlobalSection
	GlobalSection(ProjectConfigurationPlatforms) = postSolution
		{AEBB8602-7B53-4D6F-86C3-C225600673E9}.Debug|Any CPU.ActiveCfg = Debug|Any CPU
		{AEBB8602-7B53-4D6F-86C3-C225600673E9}.Debug|Any CPU.Build.0 = Debug|Any CPU
		{AEBB8602-7B53-4D6F-86C3-C225600673E9}.Release|Any CPU.ActiveCfg = Release|Any CPU
		{AEBB8602-7B53-4D6F-86C3-C225600673E9}.Release|Any CPU.Build.0 = Release|Any CPU
	EndGlobalSection
	GlobalSection(SolutionProperties) = preSolution
		HideSolutionNode = FALSE
	EndGlobalSection
	GlobalSection(ExtensibilityGlobals) = postSolution
		SolutionGuid = {3B9E6361-D8E4-4899-B9C7-3A1B402FDD20}
	EndGlobalSection
EndGlobal
